// !$*UTF8*$!
{
	archiveVersion = 1;
	classes = {
	};
	objectVersion = 50;
	objects = {

/* Begin PBXBuildFile section */
		A22910A022851CB6009725C3 /* AppDelegate.m in Sources */ = {isa = PBXBuildFile; fileRef = A229109F22851CB6009725C3 /* AppDelegate.m */; };
		A22910A822851CB6009725C3 /* Assets.xcassets in Resources */ = {isa = PBXBuildFile; fileRef = A22910A722851CB6009725C3 /* Assets.xcassets */; };
		A22910AE22851CB6009725C3 /* main.m in Sources */ = {isa = PBXBuildFile; fileRef = A22910AD22851CB6009725C3 /* main.m */; };
		A22910B622851F56009725C3 /* MOONATDemoViewController.m in Sources */ = {isa = PBXBuildFile; fileRef = A22910B522851F56009725C3 /* MOONATDemoViewController.m */; };
		A2FA9018228526440078AB80 /* MOONAssistiveTouch.framework in Frameworks */ = {isa = PBXBuildFile; fileRef = A22910BC22852558009725C3 /* MOONAssistiveTouch.framework */; };
		A2FA9019228526440078AB80 /* MOONAssistiveTouch.framework in Embed Frameworks */ = {isa = PBXBuildFile; fileRef = A22910BC22852558009725C3 /* MOONAssistiveTouch.framework */; settings = {ATTRIBUTES = (CodeSignOnCopy, RemoveHeadersOnCopy, ); }; };
/* End PBXBuildFile section */

/* Begin PBXCopyFilesBuildPhase section */
		A2FA901A228526440078AB80 /* Embed Frameworks */ = {
			isa = PBXCopyFilesBuildPhase;
			buildActionMask = 2147483647;
			dstPath = "";
			dstSubfolderSpec = 10;
			files = (
				A2FA9019228526440078AB80 /* MOONAssistiveTouch.framework in Embed Frameworks */,
			);
			name = "Embed Frameworks";
			runOnlyForDeploymentPostprocessing = 0;
		};
/* End PBXCopyFilesBuildPhase section */

/* Begin PBXFileReference section */
		A229109B22851CB6009725C3 /* MOONAssistiveTouchDemo.app */ = {isa = PBXFileReference; explicitFileType = wrapper.application; includeInIndex = 0; path = MOONAssistiveTouchDemo.app; sourceTree = BUILT_PRODUCTS_DIR; };
		A229109E22851CB6009725C3 /* AppDelegate.h */ = {isa = PBXFileReference; lastKnownFileType = sourcecode.c.h; path = AppDelegate.h; sourceTree = "<group>"; };
		A229109F22851CB6009725C3 /* AppDelegate.m */ = {isa = PBXFileReference; lastKnownFileType = sourcecode.c.objc; path = AppDelegate.m; sourceTree = "<group>"; };
		A22910A722851CB6009725C3 /* Assets.xcassets */ = {isa = PBXFileReference; lastKnownFileType = folder.assetcatalog; path = Assets.xcassets; sourceTree = "<group>"; };
		A22910AC22851CB6009725C3 /* Info.plist */ = {isa = PBXFileReference; lastKnownFileType = text.plist.xml; path = Info.plist; sourceTree = "<group>"; };
		A22910AD22851CB6009725C3 /* main.m */ = {isa = PBXFileReference; lastKnownFileType = sourcecode.c.objc; path = main.m; sourceTree = "<group>"; };
		A22910B422851F56009725C3 /* MOONATDemoViewController.h */ = {isa = PBXFileReference; lastKnownFileType = sourcecode.c.h; path = MOONATDemoViewController.h; sourceTree = "<group>"; };
		A22910B522851F56009725C3 /* MOONATDemoViewController.m */ = {isa = PBXFileReference; lastKnownFileType = sourcecode.c.objc; path = MOONATDemoViewController.m; sourceTree = "<group>"; };
		A22910BC22852558009725C3 /* MOONAssistiveTouch.framework */ = {isa = PBXFileReference; explicitFileType = wrapper.framework; path = MOONAssistiveTouch.framework; sourceTree = BUILT_PRODUCTS_DIR; };
/* End PBXFileReference section */

/* Begin PBXFrameworksBuildPhase section */
		A229109822851CB6009725C3 /* Frameworks */ = {
			isa = PBXFrameworksBuildPhase;
			buildActionMask = 2147483647;
			files = (
				A2FA9018228526440078AB80 /* MOONAssistiveTouch.framework in Frameworks */,
			);
			runOnlyForDeploymentPostprocessing = 0;
		};
/* End PBXFrameworksBuildPhase section */

/* Begin PBXGroup section */
		A229109222851CB6009725C3 = {
			isa = PBXGroup;
			children = (
				A229109D22851CB6009725C3 /* MOONAssistiveTouchDemo */,
				A229109C22851CB6009725C3 /* Products */,
				A22910B7228520B5009725C3 /* Frameworks */,
			);
			sourceTree = "<group>";
		};
		A229109C22851CB6009725C3 /* Products */ = {
			isa = PBXGroup;
			children = (
				A229109B22851CB6009725C3 /* MOONAssistiveTouchDemo.app */,
			);
			name = Products;
			sourceTree = "<group>";
		};
		A229109D22851CB6009725C3 /* MOONAssistiveTouchDemo */ = {
			isa = PBXGroup;
			children = (
				A229109E22851CB6009725C3 /* AppDelegate.h */,
				A229109F22851CB6009725C3 /* AppDelegate.m */,
				A22910B422851F56009725C3 /* MOONATDemoViewController.h */,
				A22910B522851F56009725C3 /* MOONATDemoViewController.m */,
				A22910A722851CB6009725C3 /* Assets.xcassets */,
				A22910AC22851CB6009725C3 /* Info.plist */,
				A22910AD22851CB6009725C3 /* main.m */,
			);
			path = MOONAssistiveTouchDemo;
			sourceTree = "<group>";
		};
		A22910B7228520B5009725C3 /* Frameworks */ = {
			isa = PBXGroup;
			children = (
				A22910BC22852558009725C3 /* MOONAssistiveTouch.framework */,
			);
			name = Frameworks;
			sourceTree = "<group>";
		};
/* End PBXGroup section */

/* Begin PBXNativeTarget section */
		A229109A22851CB6009725C3 /* MOONAssistiveTouchDemo */ = {
			isa = PBXNativeTarget;
			buildConfigurationList = A22910B122851CB6009725C3 /* Build configuration list for PBXNativeTarget "MOONAssistiveTouchDemo" */;
			buildPhases = (
				A229109722851CB6009725C3 /* Sources */,
				A229109822851CB6009725C3 /* Frameworks */,
				A229109922851CB6009725C3 /* Resources */,
				A2FA901A228526440078AB80 /* Embed Frameworks */,
			);
			buildRules = (
			);
			dependencies = (
			);
			name = MOONAssistiveTouchDemo;
			productName = MOONAssistiveTouchDemo;
			productReference = A229109B22851CB6009725C3 /* MOONAssistiveTouchDemo.app */;
			productType = "com.apple.product-type.application";
		};
/* End PBXNativeTarget section */

/* Begin PBXProject section */
		A229109322851CB6009725C3 /* Project object */ = {
			isa = PBXProject;
			attributes = {
				LastUpgradeCheck = 1020;
				ORGANIZATIONNAME = "月之暗面";
				TargetAttributes = {
					A229109A22851CB6009725C3 = {
						CreatedOnToolsVersion = 10.2;
					};
				};
			};
			buildConfigurationList = A229109622851CB6009725C3 /* Build configuration list for PBXProject "MOONAssistiveTouchDemo" */;
			compatibilityVersion = "Xcode 9.3";
			developmentRegion = en;
			hasScannedForEncodings = 0;
			knownRegions = (
				en,
				Base,
			);
			mainGroup = A229109222851CB6009725C3;
			productRefGroup = A229109C22851CB6009725C3 /* Products */;
			projectDirPath = "";
			projectRoot = "";
			targets = (
				A229109A22851CB6009725C3 /* MOONAssistiveTouchDemo */,
			);
		};
/* End PBXProject section */

/* Begin PBXResourcesBuildPhase section */
		A229109922851CB6009725C3 /* Resources */ = {
			isa = PBXResourcesBuildPhase;
			buildActionMask = 2147483647;
			files = (
				A22910A822851CB6009725C3 /* Assets.xcassets in Resources */,
			);
			runOnlyForDeploymentPostprocessing = 0;
		};
/* End PBXResourcesBuildPhase section */

/* Begin PBXSourcesBuildPhase section */
		A229109722851CB6009725C3 /* Sources */ = {
			isa = PBXSourcesBuildPhase;
			buildActionMask = 2147483647;
			files = (
				A22910AE22851CB6009725C3 /* main.m in Sources */,
				A22910A022851CB6009725C3 /* AppDelegate.m in Sources */,
				A22910B622851F56009725C3 /* MOONATDemoViewController.m in Sources */,
			);
			runOnlyForDeploymentPostprocessing = 0;
		};
/* End PBXSourcesBuildPhase section */

/* Begin XCBuildConfiguration section */
		A22910AF22851CB6009725C3 /* Debug */ = {
			isa = XCBuildConfiguration;
			buildSettings = {
				ALWAYS_SEARCH_USER_PATHS = NO;
				CLANG_ANALYZER_NONNULL = YES;
				CLANG_ANALYZER_NUMBER_OBJECT_CONVERSION = YES_AGGRESSIVE;
				CLANG_CXX_LANGUAGE_STANDARD = "gnu++14";
				CLANG_CXX_LIBRARY = "libc++";
				CLANG_ENABLE_MODULES = YES;
				CLANG_ENABLE_OBJC_ARC = YES;
				CLANG_ENABLE_OBJC_WEAK = YES;
				CLANG_WARN_BLOCK_CAPTURE_AUTORELEASING = YES;
				CLANG_WARN_BOOL_CONVERSION = YES;
				CLANG_WARN_COMMA = YES;
				CLANG_WARN_CONSTANT_CONVERSION = YES;
				CLANG_WARN_DEPRECATED_OBJC_IMPLEMENTATIONS = YES;
				CLANG_WARN_DIRECT_OBJC_ISA_USAGE = YES_ERROR;
				CLANG_WARN_DOCUMENTATION_COMMENTS = YES;
				CLANG_WARN_EMPTY_BODY = YES;
				CLANG_WARN_ENUM_CONVERSION = YES;
				CLANG_WARN_INFINITE_RECURSION = YES;
				CLANG_WARN_INT_CONVERSION = YES;
				CLANG_WARN_NON_LITERAL_NULL_CONVERSION = YES;
				CLANG_WARN_OBJC_IMPLICIT_RETAIN_SELF = YES;
				CLANG_WARN_OBJC_LITERAL_CONVERSION = YES;
				CLANG_WARN_OBJC_ROOT_CLASS = YES_ERROR;
				CLANG_WARN_RANGE_LOOP_ANALYSIS = YES;
				CLANG_WARN_STRICT_PROTOTYPES = YES;
				CLANG_WARN_SUSPICIOUS_MOVE = YES;
				CLANG_WARN_UNGUARDED_AVAILABILITY = YES_AGGRESSIVE;
				CLANG_WARN_UNREACHABLE_CODE = YES;
				CLANG_WARN__DUPLICATE_METHOD_MATCH = YES;
				CODE_SIGN_IDENTITY = "iPhone Developer";
				COPY_PHASE_STRIP = NO;
				DEBUG_INFORMATION_FORMAT = dwarf;
				ENABLE_STRICT_OBJC_MSGSEND = YES;
				ENABLE_TESTABILITY = YES;
				GCC_C_LANGUAGE_STANDARD = gnu11;
				GCC_DYNAMIC_NO_PIC = NO;
				GCC_NO_COMMON_BLOCKS = YES;
				GCC_OPTIMIZATION_LEVEL = 0;
				GCC_PREPROCESSOR_DEFINITIONS = (
					"DEBUG=1",
					"$(inherited)",
				);
				GCC_WARN_64_TO_32_BIT_CONVERSION = YES;
				GCC_WARN_ABOUT_RETURN_TYPE = YES_ERROR;
				GCC_WARN_UNDECLARED_SELECTOR = YES;
				GCC_WARN_UNINITIALIZED_AUTOS = YES_AGGRESSIVE;
				GCC_WARN_UNUSED_FUNCTION = YES;
				GCC_WARN_UNUSED_VARIABLE = YES;
				IPHONEOS_DEPLOYMENT_TARGET = 12.2;
				MTL_ENABLE_DEBUG_INFO = INCLUDE_SOURCE;
				MTL_FAST_MATH = YES;
				ONLY_ACTIVE_ARCH = YES;
				SDKROOT = iphoneos;
			};
			name = Debug;
		};
		A22910B022851CB6009725C3 /* Release */ = {
			isa = XCBuildConfiguration;
			buildSettings = {
				ALWAYS_SEARCH_USER_PATHS = NO;
				CLANG_ANALYZER_NONNULL = YES;
				CLANG_ANALYZER_NUMBER_OBJECT_CONVERSION = YES_AGGRESSIVE;
				CLANG_CXX_LANGUAGE_STANDARD = "gnu++14";
				CLANG_CXX_LIBRARY = "libc++";
				CLANG_ENABLE_MODULES = YES;
				CLANG_ENABLE_OBJC_ARC = YES;
				CLANG_ENABLE_OBJC_WEAK = YES;
				CLANG_WARN_BLOCK_CAPTURE_AUTORELEASING = YES;
				CLANG_WARN_BOOL_CONVERSION = YES;
				CLANG_WARN_COMMA = YES;
				CLANG_WARN_CONSTANT_CONVERSION = YES;
				CLANG_WARN_DEPRECATED_OBJC_IMPLEMENTATIONS = YES;
				CLANG_WARN_DIRECT_OBJC_ISA_USAGE = YES_ERROR;
				CLANG_WARN_DOCUMENTATION_COMMENTS = YES;
				CLANG_WARN_EMPTY_BODY = YES;
				CLANG_WARN_ENUM_CONVERSION = YES;
				CLANG_WARN_INFINITE_RECURSION = YES;
				CLANG_WARN_INT_CONVERSION = YES;
				CLANG_WARN_NON_LITERAL_NULL_CONVERSION = YES;
				CLANG_WARN_OBJC_IMPLICIT_RETAIN_SELF = YES;
				CLANG_WARN_OBJC_LITERAL_CONVERSION = YES;
				CLANG_WARN_OBJC_ROOT_CLASS = YES_ERROR;
				CLANG_WARN_RANGE_LOOP_ANALYSIS = YES;
				CLANG_WARN_STRICT_PROTOTYPES = YES;
				CLANG_WARN_SUSPICIOUS_MOVE = YES;
				CLANG_WARN_UNGUARDED_AVAILABILITY = YES_AGGRESSIVE;
				CLANG_WARN_UNREACHABLE_CODE = YES;
				CLANG_WARN__DUPLICATE_METHOD_MATCH = YES;
				CODE_SIGN_IDENTITY = "iPhone Developer";
				COPY_PHASE_STRIP = NO;
				DEBUG_INFORMATION_FORMAT = "dwarf-with-dsym";
				ENABLE_NS_ASSERTIONS = NO;
				ENABLE_STRICT_OBJC_MSGSEND = YES;
				GCC_C_LANGUAGE_STANDARD = gnu11;
				GCC_NO_COMMON_BLOCKS = YES;
				GCC_WARN_64_TO_32_BIT_CONVERSION = YES;
				GCC_WARN_ABOUT_RETURN_TYPE = YES_ERROR;
				GCC_WARN_UNDECLARED_SELECTOR = YES;
				GCC_WARN_UNINITIALIZED_AUTOS = YES_AGGRESSIVE;
				GCC_WARN_UNUSED_FUNCTION = YES;
				GCC_WARN_UNUSED_VARIABLE = YES;
				IPHONEOS_DEPLOYMENT_TARGET = 12.2;
				MTL_ENABLE_DEBUG_INFO = NO;
				MTL_FAST_MATH = YES;
				SDKROOT = iphoneos;
				VALIDATE_PRODUCT = YES;
			};
			name = Release;
		};
		A22910B222851CB6009725C3 /* Debug */ = {
			isa = XCBuildConfiguration;
			buildSettings = {
				ASSETCATALOG_COMPILER_APPICON_NAME = AppIcon;
				ASSETCATALOG_COMPILER_LAUNCHIMAGE_NAME = LaunchImage;
				CODE_SIGN_STYLE = Automatic;
				DEVELOPMENT_TEAM = 2J25KWTFJ2;
				INFOPLIST_FILE = MOONAssistiveTouchDemo/Info.plist;
				IPHONEOS_DEPLOYMENT_TARGET = 8.0;
				LD_RUNPATH_SEARCH_PATHS = (
					"$(inherited)",
					"@executable_path/Frameworks",
				);
				PRODUCT_BUNDLE_IDENTIFIER = moonShadow.MOONAssistiveTouchDemo;
				PRODUCT_NAME = "$(TARGET_NAME)";
				TARGETED_DEVICE_FAMILY = 1;
			};
			name = Debug;
		};
		A22910B322851CB6009725C3 /* Release */ = {
			isa = XCBuildConfiguration;
			buildSettings = {
				ASSETCATALOG_COMPILER_APPICON_NAME = AppIcon;
				ASSETCATALOG_COMPILER_LAUNCHIMAGE_NAME = LaunchImage;
				CODE_SIGN_STYLE = Automatic;
				DEVELOPMENT_TEAM = 2J25KWTFJ2;
				INFOPLIST_FILE = MOONAssistiveTouchDemo/Info.plist;
				IPHONEOS_DEPLOYMENT_TARGET = 8.0;
				LD_RUNPATH_SEARCH_PATHS = (
					"$(inherited)",
					"@executable_path/Frameworks",
				);
				PRODUCT_BUNDLE_IDENTIFIER = moonShadow.MOONAssistiveTouchDemo;
				PRODUCT_NAME = "$(TARGET_NAME)";
				TARGETED_DEVICE_FAMILY = 1;
			};
			name = Release;
		};
/* End XCBuildConfiguration section */

/* Begin XCConfigurationList section */
		A229109622851CB6009725C3 /* Build configuration list for PBXProject "MOONAssistiveTouchDemo" */ = {
			isa = XCConfigurationList;
			buildConfigurations = (
				A22910AF22851CB6009725C3 /* Debug */,
				A22910B022851CB6009725C3 /* Release */,
			);
			defaultConfigurationIsVisible = 0;
			defaultConfigurationName = Release;
		};
		A22910B122851CB6009725C3 /* Build configuration list for PBXNativeTarget "MOONAssistiveTouchDemo" */ = {
			isa = XCConfigurationList;
			buildConfigurations = (
				A22910B222851CB6009725C3 /* Debug */,
				A22910B322851CB6009725C3 /* Release */,
			);
			defaultConfigurationIsVisible = 0;
			defaultConfigurationName = Release;
		};
/* End XCConfigurationList section */
	};
	rootObject = A229109322851CB6009725C3 /* Project object */;
}
